
Microsoft Visual Studio Solution File, Format Version 12.00
# Visual Studio 15
VisualStudioVersion = 15.0.27428.2027
MinimumVisualStudioVersion = 10.0.40219.1
Project("{9A19103F-16F7-4668-BE54-9A1E7A4F7556}") = "Web", "Web\Web.csproj", "{62E334B3-65FB-4D61-AF87-A88142E25758}"
EndProject
Project("{9A19103F-16F7-4668-BE54-9A1E7A4F7556}") = "Domain", "Domain\Domain.csproj", "{A27F6EEE-091A-4BE3-93BC-8BCCBB53DF0D}"
EndProject
Project("{9A19103F-16F7-4668-BE54-9A1E7A4F7556}") = "Domain.Infrastructure", "Domain.Infrastructure\Domain.Infrastructure.csproj", "{7DB0EF97-836D-45CC-AF3A-D4ED3E5E5A35}"
EndProject
Project("{9A19103F-16F7-4668-BE54-9A1E7A4F7556}") = "Web.Application", "Web.Application\Web.Application.csproj", "{4DA2F5A9-3C66-4BE6-9D5E-46E909034D95}"
EndProject
Project("{2150E333-8FDC-42A3-9474-1A3956D46DE8}") = "SolutionItems", "SolutionItems", "{56840048-3A58-4C7D-AA69-50B58677F4C4}"
ProjectSection(SolutionItems) = preProject
	TestData.sql = TestData.sql
EndProjectSection
EndProject
Global
	GlobalSection(SolutionConfigurationPlatforms) = preSolution
		Debug|Any CPU = Debug|Any CPU
		Release|Any CPU = Release|Any CPU
	EndGlobalSection
	GlobalSection(ProjectConfigurationPlatforms) = postSolution
		{62E334B3-65FB-4D61-AF87-A88142E25758}.Debug|Any CPU.ActiveCfg = Debug|Any CPU
		{62E334B3-65FB-4D61-AF87-A88142E25758}.Debug|Any CPU.Build.0 = Debug|Any CPU
		{62E334B3-65FB-4D61-AF87-A88142E25758}.Release|Any CPU.ActiveCfg = Release|Any CPU
		{62E334B3-65FB-4D61-AF87-A88142E25758}.Release|Any CPU.Build.0 = Release|Any CPU
		{A27F6EEE-091A-4BE3-93BC-8BCCBB53DF0D}.Debug|Any CPU.ActiveCfg = Debug|Any CPU
		{A27F6EEE-091A-4BE3-93BC-8BCCBB53DF0D}.Debug|Any CPU.Build.0 = Debug|Any CPU
		{A27F6EEE-091A-4BE3-93BC-8BCCBB53DF0D}.Release|Any CPU.ActiveCfg = Release|Any CPU
		{A27F6EEE-091A-4BE3-93BC-8BCCBB53DF0D}.Release|Any CPU.Build.0 = Release|Any CPU
		{7DB0EF97-836D-45CC-AF3A-D4ED3E5E5A35}.Debug|Any CPU.ActiveCfg = Debug|Any CPU
		{7DB0EF97-836D-45CC-AF3A-D4ED3E5E5A35}.Debug|Any CPU.Build.0 = Debug|Any CPU
		{7DB0EF97-836D-45CC-AF3A-D4ED3E5E5A35}.Release|Any CPU.ActiveCfg = Release|Any CPU
		{7DB0EF97-836D-45CC-AF3A-D4ED3E5E5A35}.Release|Any CPU.Build.0 = Release|Any CPU
		{4DA2F5A9-3C66-4BE6-9D5E-46E909034D95}.Debug|Any CPU.ActiveCfg = Debug|Any CPU
		{4DA2F5A9-3C66-4BE6-9D5E-46E909034D95}.Debug|Any CPU.Build.0 = Debug|Any CPU
		{4DA2F5A9-3C66-4BE6-9D5E-46E909034D95}.Release|Any CPU.ActiveCfg = Release|Any CPU
		{4DA2F5A9-3C66-4BE6-9D5E-46E909034D95}.Release|Any CPU.Build.0 = Release|Any CPU
	EndGlobalSection
	GlobalSection(SolutionProperties) = preSolution
		HideSolutionNode = FALSE
	EndGlobalSection
	GlobalSection(ExtensibilityGlobals) = postSolution
		SolutionGuid = {1CE7632F-BB1F-44C3-8B82-82C3F7BEE0E7}
	EndGlobalSection
EndGlobal
